
Microsoft Visual Studio Solution File, Format Version 11.00
# Visual Studio 2010
Project("{FAE04EC0-301F-11D3-BF4B-00C04F79EFBC}") = "RegionSelection", "RegionSelection\RegionSelection.csproj", "{EBA14DE8-1689-4AE5-BA12-DA7EDBED85A7}"
EndProject
Global
	GlobalSection(SolutionConfigurationPlatforms) = preSolution
		Debug|Any CPU = Debug|Any CPU
		Release|Any CPU = Release|Any CPU
	EndGlobalSection
	GlobalSection(ProjectConfigurationPlatforms) = postSolution
		{EBA14DE8-1689-4AE5-BA12-DA7EDBED85A7}.Debug|Any CPU.ActiveCfg = Debug|Any CPU
		{EBA14DE8-1689-4AE5-BA12-DA7EDBED85A7}.Debug|Any CPU.Build.0 = Debug|Any CPU
		{EBA14DE8-1689-4AE5-BA12-DA7EDBED85A7}.Release|Any CPU.ActiveCfg = Release|Any CPU
		{EBA14DE8-1689-4AE5-BA12-DA7EDBED85A7}.Release|Any CPU.Build.0 = Release|Any CPU
	EndGlobalSection
	GlobalSection(SolutionProperties) = preSolution
		HideSolutionNode = FALSE
	EndGlobalSection
EndGlobal
