
Microsoft Visual Studio Solution File, Format Version 11.00
# Visual Studio 2010
Project("{FAE04EC0-301F-11D3-BF4B-00C04F79EFBC}") = "data", "data\data.csproj", "{6C460A29-4C27-4678-9602-B18631FECD4B}"
EndProject
Global
	GlobalSection(SolutionConfigurationPlatforms) = preSolution
		Debug|Any CPU = Debug|Any CPU
		Release|Any CPU = Release|Any CPU
	EndGlobalSection
	GlobalSection(ProjectConfigurationPlatforms) = postSolution
		{6C460A29-4C27-4678-9602-B18631FECD4B}.Debug|Any CPU.ActiveCfg = Debug|Any CPU
		{6C460A29-4C27-4678-9602-B18631FECD4B}.Debug|Any CPU.Build.0 = Debug|Any CPU
		{6C460A29-4C27-4678-9602-B18631FECD4B}.Release|Any CPU.ActiveCfg = Release|Any CPU
		{6C460A29-4C27-4678-9602-B18631FECD4B}.Release|Any CPU.Build.0 = Release|Any CPU
	EndGlobalSection
	GlobalSection(SolutionProperties) = preSolution
		HideSolutionNode = FALSE
	EndGlobalSection
EndGlobal
